
Microsoft Visual Studio Solution File, Format Version 12.00
# Visual Studio Version 16
VisualStudioVersion = 16.0.30611.23
MinimumVisualStudioVersion = 10.0.40219.1
Project("{8BC9CEB8-8B4A-11D0-8D11-00A0C91BC942}") = "C++学校复习", "C++学校复习\C++学校复习.vcxproj", "{6831F14B-CA2F-423E-963D-2A4EFB819065}"
EndProject
Global
	GlobalSection(SolutionConfigurationPlatforms) = preSolution
		Debug|x64 = Debug|x64
		Debug|x86 = Debug|x86
		Release|x64 = Release|x64
		Release|x86 = Release|x86
	EndGlobalSection
	GlobalSection(ProjectConfigurationPlatforms) = postSolution
		{6831F14B-CA2F-423E-963D-2A4EFB819065}.Debug|x64.ActiveCfg = Debug|x64
		{6831F14B-CA2F-423E-963D-2A4EFB819065}.Debug|x64.Build.0 = Debug|x64
		{6831F14B-CA2F-423E-963D-2A4EFB819065}.Debug|x86.ActiveCfg = Debug|Win32
		{6831F14B-CA2F-423E-963D-2A4EFB819065}.Debug|x86.Build.0 = Debug|Win32
		{6831F14B-CA2F-423E-963D-2A4EFB819065}.Release|x64.ActiveCfg = Release|x64
		{6831F14B-CA2F-423E-963D-2A4EFB819065}.Release|x64.Build.0 = Release|x64
		{6831F14B-CA2F-423E-963D-2A4EFB819065}.Release|x86.ActiveCfg = Release|Win32
		{6831F14B-CA2F-423E-963D-2A4EFB819065}.Release|x86.Build.0 = Release|Win32
	EndGlobalSection
	GlobalSection(SolutionProperties) = preSolution
		HideSolutionNode = FALSE
	EndGlobalSection
	GlobalSection(ExtensibilityGlobals) = postSolution
		SolutionGuid = {8257E076-62D2-4468-83E7-E43125194F26}
	EndGlobalSection
EndGlobal
