
Microsoft Visual Studio Solution File, Format Version 12.00
# Visual Studio Version 16
VisualStudioVersion = 16.0.30611.23
MinimumVisualStudioVersion = 10.0.40219.1
Project("{8BC9CEB8-8B4A-11D0-8D11-00A0C91BC942}") = "string学习", "string学习\string学习.vcxproj", "{2891913F-D818-40B0-8C34-17D997DC8B21}"
EndProject
Global
	GlobalSection(SolutionConfigurationPlatforms) = preSolution
		Debug|x64 = Debug|x64
		Debug|x86 = Debug|x86
		Release|x64 = Release|x64
		Release|x86 = Release|x86
	EndGlobalSection
	GlobalSection(ProjectConfigurationPlatforms) = postSolution
		{2891913F-D818-40B0-8C34-17D997DC8B21}.Debug|x64.ActiveCfg = Debug|x64
		{2891913F-D818-40B0-8C34-17D997DC8B21}.Debug|x64.Build.0 = Debug|x64
		{2891913F-D818-40B0-8C34-17D997DC8B21}.Debug|x86.ActiveCfg = Debug|Win32
		{2891913F-D818-40B0-8C34-17D997DC8B21}.Debug|x86.Build.0 = Debug|Win32
		{2891913F-D818-40B0-8C34-17D997DC8B21}.Release|x64.ActiveCfg = Release|x64
		{2891913F-D818-40B0-8C34-17D997DC8B21}.Release|x64.Build.0 = Release|x64
		{2891913F-D818-40B0-8C34-17D997DC8B21}.Release|x86.ActiveCfg = Release|Win32
		{2891913F-D818-40B0-8C34-17D997DC8B21}.Release|x86.Build.0 = Release|Win32
	EndGlobalSection
	GlobalSection(SolutionProperties) = preSolution
		HideSolutionNode = FALSE
	EndGlobalSection
	GlobalSection(ExtensibilityGlobals) = postSolution
		SolutionGuid = {636D8BFE-604D-43B6-A316-E88D0039CC52}
	EndGlobalSection
EndGlobal
